
Microsoft Visual Studio Solution File, Format Version 12.00
# Visual Studio Version 16
VisualStudioVersion = 16.0.32228.343
MinimumVisualStudioVersion = 10.0.40219.1
Project("{2150E333-8FDC-42A3-9474-1A3956D46DE8}") = "src", "src", "{2414F987-9A03-4666-939E-79C3FE307515}"
EndProject
Project("{2150E333-8FDC-42A3-9474-1A3956D46DE8}") = "Solutions Items", "Solutions Items", "{78ECE433-DB3F-41D8-B430-A3955A1FFBCC}"
	ProjectSection(SolutionItems) = preProject
		Solutions Items\ServiceUrls.txt = Solutions Items\ServiceUrls.txt
	EndProjectSection
EndProject
Project("{2150E333-8FDC-42A3-9474-1A3956D46DE8}") = "ApiGateways", "ApiGateways", "{A8499D27-8C88-4776-8FC4-CA12498AE172}"
EndProject
Project("{2150E333-8FDC-42A3-9474-1A3956D46DE8}") = "BuildingBlocks", "BuildingBlocks", "{33660515-F2D7-446D-8473-9418448D6C2E}"
EndProject
Project("{2150E333-8FDC-42A3-9474-1A3956D46DE8}") = "Services", "Services", "{41DFB3F7-30D7-4F2C-B967-5A84E41F375C}"
EndProject
Project("{2150E333-8FDC-42A3-9474-1A3956D46DE8}") = "Clients", "Clients", "{97CEB5CA-28D6-480A-B3C6-4B096D6D5DBD}"
EndProject
Project("{2150E333-8FDC-42A3-9474-1A3956D46DE8}") = "WebApiGateway", "WebApiGateway", "{D289CDDA-83CD-49A2-B1FB-2A21C3E2F0E9}"
EndProject
Project("{9A19103F-16F7-4668-BE54-9A1E7A4F7556}") = "Web.ApiGateway", "src\ApiGateways\WebApiGateway\Web.ApiGateway\Web.ApiGateway.csproj", "{F4C032E5-ADA1-41B1-9BBB-B250DF040933}"
EndProject
Project("{2150E333-8FDC-42A3-9474-1A3956D46DE8}") = "EventBus", "EventBus", "{5BA335AD-318B-40C2-B0AF-B7048FFAC5A7}"
EndProject
Project("{9A19103F-16F7-4668-BE54-9A1E7A4F7556}") = "EventBus.Base", "src\BuildingBlocks\EventBus\EventBus.Base\EventBus.Base.csproj", "{B9898F0C-C9D5-46D4-BC13-FC45931E5F02}"
EndProject
Project("{9A19103F-16F7-4668-BE54-9A1E7A4F7556}") = "EventBus.Factory", "src\BuildingBlocks\EventBus\EventBus.Factory\EventBus.Factory.csproj", "{3CD4BA55-3E04-4413-866C-799B68CD982D}"
EndProject
Project("{9A19103F-16F7-4668-BE54-9A1E7A4F7556}") = "EventBus.AzureServiceBus", "src\BuildingBlocks\EventBus\EventBus.AzureServiceBus\EventBus.AzureServiceBus.csproj", "{7C1A01E6-3CBC-40B9-B5C1-F667485A7B9D}"
EndProject
Project("{9A19103F-16F7-4668-BE54-9A1E7A4F7556}") = "EventBus.RabbitMQ", "src\BuildingBlocks\EventBus\EventBus.RabbitMQ\EventBus.RabbitMQ.csproj", "{5706DB56-726E-4A92-AA03-8F29F54D019D}"
EndProject
Project("{2150E333-8FDC-42A3-9474-1A3956D46DE8}") = "BlazorWebApp", "BlazorWebApp", "{DBA7A58E-FA40-45AF-A8EB-52160C3D7E24}"
EndProject
Project("{9A19103F-16F7-4668-BE54-9A1E7A4F7556}") = "WebApp", "src\Clients\BlazorWebApp\WebApp\WebApp.csproj", "{711CC77F-A14C-4AAE-8CEF-9DEE5B164EA5}"
EndProject
Project("{2150E333-8FDC-42A3-9474-1A3956D46DE8}") = "BasketService", "BasketService", "{9C134234-46FC-4B80-B7FB-A6E2DE487076}"
EndProject
Project("{2150E333-8FDC-42A3-9474-1A3956D46DE8}") = "CatalogService", "CatalogService", "{EDEDB771-2AC4-492B-8918-2CE7BBBCC242}"
EndProject
Project("{9A19103F-16F7-4668-BE54-9A1E7A4F7556}") = "CatalogService.Api", "src\Services\CatalogService\CatalogService.Api\CatalogService.Api.csproj", "{044F18CE-4CB3-48EE-AA32-1AE0234C1AE9}"
EndProject
Project("{9A19103F-16F7-4668-BE54-9A1E7A4F7556}") = "BasketService.Api", "src\Services\BasketService\BasketService.Api\BasketService.Api.csproj", "{0903335D-C4E9-4907-A006-7CD3ECD87DF2}"
EndProject
Project("{2150E333-8FDC-42A3-9474-1A3956D46DE8}") = "IdentityService", "IdentityService", "{E1FE15D7-6FA5-4A60-B3F3-D719927432F9}"
EndProject
Project("{9A19103F-16F7-4668-BE54-9A1E7A4F7556}") = "IdentityService.Api", "src\Services\IdentityService\IdentityService.Api\IdentityService.Api.csproj", "{71E067C5-533E-4B85-A336-1E4A9295875D}"
EndProject
Project("{2150E333-8FDC-42A3-9474-1A3956D46DE8}") = "NotificationService", "NotificationService", "{86923215-11E4-431E-A404-367115953F34}"
EndProject
Project("{9A19103F-16F7-4668-BE54-9A1E7A4F7556}") = "NotificationService", "src\Services\NotificationService\NotificationService\NotificationService.csproj", "{7DA0FF71-1C98-4048-8D57-66301062052B}"
EndProject
Project("{2150E333-8FDC-42A3-9474-1A3956D46DE8}") = "OrderService", "OrderService", "{8FC58B0F-4C06-4F8F-9500-995884170116}"
EndProject
Project("{9A19103F-16F7-4668-BE54-9A1E7A4F7556}") = "OrderService.Domain", "src\Services\OrderService\OrderService.Domain\OrderService.Domain.csproj", "{4F969813-CB7E-484D-BF36-EB564B118B8C}"
EndProject
Project("{9A19103F-16F7-4668-BE54-9A1E7A4F7556}") = "OrderService.Application", "src\Services\OrderService\OrderService.Application\OrderService.Application.csproj", "{EF5E06A7-A4BF-4BC3-B208-B71C9E166F39}"
EndProject
Project("{9A19103F-16F7-4668-BE54-9A1E7A4F7556}") = "OrderService.Infrastructure", "src\Services\OrderService\OrderService.Infrastructure\OrderService.Infrastructure.csproj", "{C3CA84DC-DAA0-4243-A3A7-5BADA5E7017A}"
EndProject
Project("{9A19103F-16F7-4668-BE54-9A1E7A4F7556}") = "OrderService.Api", "src\Services\OrderService\OrderService.Api\OrderService.Api.csproj", "{8AA04612-682F-4F09-A0C2-369382FA828A}"
EndProject
Project("{2150E333-8FDC-42A3-9474-1A3956D46DE8}") = "PaymentService", "PaymentService", "{55E12A60-ADB4-44BD-8C04-5FF80416634D}"
EndProject
Project("{9A19103F-16F7-4668-BE54-9A1E7A4F7556}") = "PaymentService.Api", "src\Services\PaymentService\PaymentService.Api\PaymentService.Api.csproj", "{98E968AE-9FE7-495F-92C0-708057EC8B8C}"
EndProject
Project("{2150E333-8FDC-42A3-9474-1A3956D46DE8}") = "test", "test", "{FBBDA032-E072-4330-BF5B-E4EF8559847E}"
EndProject
Project("{2150E333-8FDC-42A3-9474-1A3956D46DE8}") = "BuildingBlocks", "BuildingBlocks", "{28D4C71E-EBAA-4853-B6F5-FDFB4B955CC4}"
EndProject
Project("{9A19103F-16F7-4668-BE54-9A1E7A4F7556}") = "EventBus.UnitTest", "test\BuildingBlocks\EventBus.UnitTest\EventBus.UnitTest.csproj", "{1DE63A65-9B02-4E97-9821-13C38FDA06DC}"
EndProject
Project("{2150E333-8FDC-42A3-9474-1A3956D46DE8}") = "Shared", "Shared", "{246DBAA6-5560-4BE9-BF03-E926796C1FBF}"
EndProject
Project("{FAE04EC0-301F-11D3-BF4B-00C04F79EFBC}") = "Common", "src\Shared\Common\Common.csproj", "{1328FC56-E297-42A1-AC93-0F4B24E63CB3}"
EndProject
Global
	GlobalSection(SolutionConfigurationPlatforms) = preSolution
		Debug|Any CPU = Debug|Any CPU
		Release|Any CPU = Release|Any CPU
	EndGlobalSection
	GlobalSection(ProjectConfigurationPlatforms) = postSolution
		{F4C032E5-ADA1-41B1-9BBB-B250DF040933}.Debug|Any CPU.ActiveCfg = Debug|Any CPU
		{F4C032E5-ADA1-41B1-9BBB-B250DF040933}.Debug|Any CPU.Build.0 = Debug|Any CPU
		{F4C032E5-ADA1-41B1-9BBB-B250DF040933}.Release|Any CPU.ActiveCfg = Release|Any CPU
		{F4C032E5-ADA1-41B1-9BBB-B250DF040933}.Release|Any CPU.Build.0 = Release|Any CPU
		{B9898F0C-C9D5-46D4-BC13-FC45931E5F02}.Debug|Any CPU.ActiveCfg = Debug|Any CPU
		{B9898F0C-C9D5-46D4-BC13-FC45931E5F02}.Debug|Any CPU.Build.0 = Debug|Any CPU
		{B9898F0C-C9D5-46D4-BC13-FC45931E5F02}.Release|Any CPU.ActiveCfg = Release|Any CPU
		{B9898F0C-C9D5-46D4-BC13-FC45931E5F02}.Release|Any CPU.Build.0 = Release|Any CPU
		{3CD4BA55-3E04-4413-866C-799B68CD982D}.Debug|Any CPU.ActiveCfg = Debug|Any CPU
		{3CD4BA55-3E04-4413-866C-799B68CD982D}.Debug|Any CPU.Build.0 = Debug|Any CPU
		{3CD4BA55-3E04-4413-866C-799B68CD982D}.Release|Any CPU.ActiveCfg = Release|Any CPU
		{3CD4BA55-3E04-4413-866C-799B68CD982D}.Release|Any CPU.Build.0 = Release|Any CPU
		{7C1A01E6-3CBC-40B9-B5C1-F667485A7B9D}.Debug|Any CPU.ActiveCfg = Debug|Any CPU
		{7C1A01E6-3CBC-40B9-B5C1-F667485A7B9D}.Debug|Any CPU.Build.0 = Debug|Any CPU
		{7C1A01E6-3CBC-40B9-B5C1-F667485A7B9D}.Release|Any CPU.ActiveCfg = Release|Any CPU
		{7C1A01E6-3CBC-40B9-B5C1-F667485A7B9D}.Release|Any CPU.Build.0 = Release|Any CPU
		{5706DB56-726E-4A92-AA03-8F29F54D019D}.Debug|Any CPU.ActiveCfg = Debug|Any CPU
		{5706DB56-726E-4A92-AA03-8F29F54D019D}.Debug|Any CPU.Build.0 = Debug|Any CPU
		{5706DB56-726E-4A92-AA03-8F29F54D019D}.Release|Any CPU.ActiveCfg = Release|Any CPU
		{5706DB56-726E-4A92-AA03-8F29F54D019D}.Release|Any CPU.Build.0 = Release|Any CPU
		{711CC77F-A14C-4AAE-8CEF-9DEE5B164EA5}.Debug|Any CPU.ActiveCfg = Debug|Any CPU
		{711CC77F-A14C-4AAE-8CEF-9DEE5B164EA5}.Debug|Any CPU.Build.0 = Debug|Any CPU
		{711CC77F-A14C-4AAE-8CEF-9DEE5B164EA5}.Release|Any CPU.ActiveCfg = Release|Any CPU
		{711CC77F-A14C-4AAE-8CEF-9DEE5B164EA5}.Release|Any CPU.Build.0 = Release|Any CPU
		{044F18CE-4CB3-48EE-AA32-1AE0234C1AE9}.Debug|Any CPU.ActiveCfg = Debug|Any CPU
		{044F18CE-4CB3-48EE-AA32-1AE0234C1AE9}.Debug|Any CPU.Build.0 = Debug|Any CPU
		{044F18CE-4CB3-48EE-AA32-1AE0234C1AE9}.Release|Any CPU.ActiveCfg = Release|Any CPU
		{044F18CE-4CB3-48EE-AA32-1AE0234C1AE9}.Release|Any CPU.Build.0 = Release|Any CPU
		{0903335D-C4E9-4907-A006-7CD3ECD87DF2}.Debug|Any CPU.ActiveCfg = Debug|Any CPU
		{0903335D-C4E9-4907-A006-7CD3ECD87DF2}.Debug|Any CPU.Build.0 = Debug|Any CPU
		{0903335D-C4E9-4907-A006-7CD3ECD87DF2}.Release|Any CPU.ActiveCfg = Release|Any CPU
		{0903335D-C4E9-4907-A006-7CD3ECD87DF2}.Release|Any CPU.Build.0 = Release|Any CPU
		{71E067C5-533E-4B85-A336-1E4A9295875D}.Debug|Any CPU.ActiveCfg = Debug|Any CPU
		{71E067C5-533E-4B85-A336-1E4A9295875D}.Debug|Any CPU.Build.0 = Debug|Any CPU
		{71E067C5-533E-4B85-A336-1E4A9295875D}.Release|Any CPU.ActiveCfg = Release|Any CPU
		{71E067C5-533E-4B85-A336-1E4A9295875D}.Release|Any CPU.Build.0 = Release|Any CPU
		{7DA0FF71-1C98-4048-8D57-66301062052B}.Debug|Any CPU.ActiveCfg = Debug|Any CPU
		{7DA0FF71-1C98-4048-8D57-66301062052B}.Debug|Any CPU.Build.0 = Debug|Any CPU
		{7DA0FF71-1C98-4048-8D57-66301062052B}.Release|Any CPU.ActiveCfg = Release|Any CPU
		{7DA0FF71-1C98-4048-8D57-66301062052B}.Release|Any CPU.Build.0 = Release|Any CPU
		{4F969813-CB7E-484D-BF36-EB564B118B8C}.Debug|Any CPU.ActiveCfg = Debug|Any CPU
		{4F969813-CB7E-484D-BF36-EB564B118B8C}.Debug|Any CPU.Build.0 = Debug|Any CPU
		{4F969813-CB7E-484D-BF36-EB564B118B8C}.Release|Any CPU.ActiveCfg = Release|Any CPU
		{4F969813-CB7E-484D-BF36-EB564B118B8C}.Release|Any CPU.Build.0 = Release|Any CPU
		{EF5E06A7-A4BF-4BC3-B208-B71C9E166F39}.Debug|Any CPU.ActiveCfg = Debug|Any CPU
		{EF5E06A7-A4BF-4BC3-B208-B71C9E166F39}.Debug|Any CPU.Build.0 = Debug|Any CPU
		{EF5E06A7-A4BF-4BC3-B208-B71C9E166F39}.Release|Any CPU.ActiveCfg = Release|Any CPU
		{EF5E06A7-A4BF-4BC3-B208-B71C9E166F39}.Release|Any CPU.Build.0 = Release|Any CPU
		{C3CA84DC-DAA0-4243-A3A7-5BADA5E7017A}.Debug|Any CPU.ActiveCfg = Debug|Any CPU
		{C3CA84DC-DAA0-4243-A3A7-5BADA5E7017A}.Debug|Any CPU.Build.0 = Debug|Any CPU
		{C3CA84DC-DAA0-4243-A3A7-5BADA5E7017A}.Release|Any CPU.ActiveCfg = Release|Any CPU
		{C3CA84DC-DAA0-4243-A3A7-5BADA5E7017A}.Release|Any CPU.Build.0 = Release|Any CPU
		{8AA04612-682F-4F09-A0C2-369382FA828A}.Debug|Any CPU.ActiveCfg = Debug|Any CPU
		{8AA04612-682F-4F09-A0C2-369382FA828A}.Debug|Any CPU.Build.0 = Debug|Any CPU
		{8AA04612-682F-4F09-A0C2-369382FA828A}.Release|Any CPU.ActiveCfg = Release|Any CPU
		{8AA04612-682F-4F09-A0C2-369382FA828A}.Release|Any CPU.Build.0 = Release|Any CPU
		{98E968AE-9FE7-495F-92C0-708057EC8B8C}.Debug|Any CPU.ActiveCfg = Debug|Any CPU
		{98E968AE-9FE7-495F-92C0-708057EC8B8C}.Debug|Any CPU.Build.0 = Debug|Any CPU
		{98E968AE-9FE7-495F-92C0-708057EC8B8C}.Release|Any CPU.ActiveCfg = Release|Any CPU
		{98E968AE-9FE7-495F-92C0-708057EC8B8C}.Release|Any CPU.Build.0 = Release|Any CPU
		{1DE63A65-9B02-4E97-9821-13C38FDA06DC}.Debug|Any CPU.ActiveCfg = Debug|Any CPU
		{1DE63A65-9B02-4E97-9821-13C38FDA06DC}.Debug|Any CPU.Build.0 = Debug|Any CPU
		{1DE63A65-9B02-4E97-9821-13C38FDA06DC}.Release|Any CPU.ActiveCfg = Release|Any CPU
		{1DE63A65-9B02-4E97-9821-13C38FDA06DC}.Release|Any CPU.Build.0 = Release|Any CPU
		{1328FC56-E297-42A1-AC93-0F4B24E63CB3}.Debug|Any CPU.ActiveCfg = Debug|Any CPU
		{1328FC56-E297-42A1-AC93-0F4B24E63CB3}.Debug|Any CPU.Build.0 = Debug|Any CPU
		{1328FC56-E297-42A1-AC93-0F4B24E63CB3}.Release|Any CPU.ActiveCfg = Release|Any CPU
		{1328FC56-E297-42A1-AC93-0F4B24E63CB3}.Release|Any CPU.Build.0 = Release|Any CPU
	EndGlobalSection
	GlobalSection(SolutionProperties) = preSolution
		HideSolutionNode = FALSE
	EndGlobalSection
	GlobalSection(NestedProjects) = preSolution
		{A8499D27-8C88-4776-8FC4-CA12498AE172} = {2414F987-9A03-4666-939E-79C3FE307515}
		{33660515-F2D7-446D-8473-9418448D6C2E} = {2414F987-9A03-4666-939E-79C3FE307515}
		{41DFB3F7-30D7-4F2C-B967-5A84E41F375C} = {2414F987-9A03-4666-939E-79C3FE307515}
		{97CEB5CA-28D6-480A-B3C6-4B096D6D5DBD} = {2414F987-9A03-4666-939E-79C3FE307515}
		{D289CDDA-83CD-49A2-B1FB-2A21C3E2F0E9} = {A8499D27-8C88-4776-8FC4-CA12498AE172}
		{F4C032E5-ADA1-41B1-9BBB-B250DF040933} = {D289CDDA-83CD-49A2-B1FB-2A21C3E2F0E9}
		{5BA335AD-318B-40C2-B0AF-B7048FFAC5A7} = {33660515-F2D7-446D-8473-9418448D6C2E}
		{B9898F0C-C9D5-46D4-BC13-FC45931E5F02} = {5BA335AD-318B-40C2-B0AF-B7048FFAC5A7}
		{3CD4BA55-3E04-4413-866C-799B68CD982D} = {5BA335AD-318B-40C2-B0AF-B7048FFAC5A7}
		{7C1A01E6-3CBC-40B9-B5C1-F667485A7B9D} = {5BA335AD-318B-40C2-B0AF-B7048FFAC5A7}
		{5706DB56-726E-4A92-AA03-8F29F54D019D} = {5BA335AD-318B-40C2-B0AF-B7048FFAC5A7}
		{DBA7A58E-FA40-45AF-A8EB-52160C3D7E24} = {97CEB5CA-28D6-480A-B3C6-4B096D6D5DBD}
		{711CC77F-A14C-4AAE-8CEF-9DEE5B164EA5} = {DBA7A58E-FA40-45AF-A8EB-52160C3D7E24}
		{9C134234-46FC-4B80-B7FB-A6E2DE487076} = {41DFB3F7-30D7-4F2C-B967-5A84E41F375C}
		{EDEDB771-2AC4-492B-8918-2CE7BBBCC242} = {41DFB3F7-30D7-4F2C-B967-5A84E41F375C}
		{044F18CE-4CB3-48EE-AA32-1AE0234C1AE9} = {EDEDB771-2AC4-492B-8918-2CE7BBBCC242}
		{0903335D-C4E9-4907-A006-7CD3ECD87DF2} = {9C134234-46FC-4B80-B7FB-A6E2DE487076}
		{E1FE15D7-6FA5-4A60-B3F3-D719927432F9} = {41DFB3F7-30D7-4F2C-B967-5A84E41F375C}
		{71E067C5-533E-4B85-A336-1E4A9295875D} = {E1FE15D7-6FA5-4A60-B3F3-D719927432F9}
		{86923215-11E4-431E-A404-367115953F34} = {41DFB3F7-30D7-4F2C-B967-5A84E41F375C}
		{7DA0FF71-1C98-4048-8D57-66301062052B} = {86923215-11E4-431E-A404-367115953F34}
		{8FC58B0F-4C06-4F8F-9500-995884170116} = {41DFB3F7-30D7-4F2C-B967-5A84E41F375C}
		{4F969813-CB7E-484D-BF36-EB564B118B8C} = {8FC58B0F-4C06-4F8F-9500-995884170116}
		{EF5E06A7-A4BF-4BC3-B208-B71C9E166F39} = {8FC58B0F-4C06-4F8F-9500-995884170116}
		{C3CA84DC-DAA0-4243-A3A7-5BADA5E7017A} = {8FC58B0F-4C06-4F8F-9500-995884170116}
		{8AA04612-682F-4F09-A0C2-369382FA828A} = {8FC58B0F-4C06-4F8F-9500-995884170116}
		{55E12A60-ADB4-44BD-8C04-5FF80416634D} = {41DFB3F7-30D7-4F2C-B967-5A84E41F375C}
		{98E968AE-9FE7-495F-92C0-708057EC8B8C} = {55E12A60-ADB4-44BD-8C04-5FF80416634D}
		{28D4C71E-EBAA-4853-B6F5-FDFB4B955CC4} = {FBBDA032-E072-4330-BF5B-E4EF8559847E}
		{1DE63A65-9B02-4E97-9821-13C38FDA06DC} = {28D4C71E-EBAA-4853-B6F5-FDFB4B955CC4}
		{246DBAA6-5560-4BE9-BF03-E926796C1FBF} = {2414F987-9A03-4666-939E-79C3FE307515}
		{1328FC56-E297-42A1-AC93-0F4B24E63CB3} = {246DBAA6-5560-4BE9-BF03-E926796C1FBF}
	EndGlobalSection
	GlobalSection(ExtensibilityGlobals) = postSolution
		SolutionGuid = {A208883D-0E7D-4942-8D2B-BDAE22AFCD3D}
	EndGlobalSection
EndGlobal
